
Microsoft Visual Studio Solution File, Format Version 12.00
# Visual Studio Version 17
VisualStudioVersion = 17.4.33103.184
MinimumVisualStudioVersion = 10.0.40219.1
Project("{8BC9CEB8-8B4A-11D0-8D11-00A0C91BC942}") = "Лаб №4", "Лаб №4\Лаб №4.vcxproj", "{1744F4DC-1312-47DE-8AD4-3B07BB683834}"
EndProject
Global
	GlobalSection(SolutionConfigurationPlatforms) = preSolution
		Debug|x64 = Debug|x64
		Debug|x86 = Debug|x86
		Release|x64 = Release|x64
		Release|x86 = Release|x86
	EndGlobalSection
	GlobalSection(ProjectConfigurationPlatforms) = postSolution
		{1744F4DC-1312-47DE-8AD4-3B07BB683834}.Debug|x64.ActiveCfg = Debug|x64
		{1744F4DC-1312-47DE-8AD4-3B07BB683834}.Debug|x64.Build.0 = Debug|x64
		{1744F4DC-1312-47DE-8AD4-3B07BB683834}.Debug|x86.ActiveCfg = Debug|Win32
		{1744F4DC-1312-47DE-8AD4-3B07BB683834}.Debug|x86.Build.0 = Debug|Win32
		{1744F4DC-1312-47DE-8AD4-3B07BB683834}.Release|x64.ActiveCfg = Release|x64
		{1744F4DC-1312-47DE-8AD4-3B07BB683834}.Release|x64.Build.0 = Release|x64
		{1744F4DC-1312-47DE-8AD4-3B07BB683834}.Release|x86.ActiveCfg = Release|Win32
		{1744F4DC-1312-47DE-8AD4-3B07BB683834}.Release|x86.Build.0 = Release|Win32
	EndGlobalSection
	GlobalSection(SolutionProperties) = preSolution
		HideSolutionNode = FALSE
	EndGlobalSection
	GlobalSection(ExtensibilityGlobals) = postSolution
		SolutionGuid = {2D4E8C62-B889-4608-89CC-B544BADA7266}
	EndGlobalSection
EndGlobal
