
Microsoft Visual Studio Solution File, Format Version 12.00
# Visual Studio Version 17
VisualStudioVersion = 17.5.33627.172
MinimumVisualStudioVersion = 10.0.40219.1
Project("{8BC9CEB8-8B4A-11D0-8D11-00A0C91BC942}") = "Курсовая работа", "Курсовая работа.vcxproj", "{51702B81-87B0-4406-AB59-89AB0E7FA531}"
EndProject
Global
	GlobalSection(SolutionConfigurationPlatforms) = preSolution
		Debug|x64 = Debug|x64
		Debug|x86 = Debug|x86
		Release|x64 = Release|x64
		Release|x86 = Release|x86
	EndGlobalSection
	GlobalSection(ProjectConfigurationPlatforms) = postSolution
		{51702B81-87B0-4406-AB59-89AB0E7FA531}.Debug|x64.ActiveCfg = Debug|x64
		{51702B81-87B0-4406-AB59-89AB0E7FA531}.Debug|x64.Build.0 = Debug|x64
		{51702B81-87B0-4406-AB59-89AB0E7FA531}.Debug|x86.ActiveCfg = Debug|Win32
		{51702B81-87B0-4406-AB59-89AB0E7FA531}.Debug|x86.Build.0 = Debug|Win32
		{51702B81-87B0-4406-AB59-89AB0E7FA531}.Release|x64.ActiveCfg = Release|x64
		{51702B81-87B0-4406-AB59-89AB0E7FA531}.Release|x64.Build.0 = Release|x64
		{51702B81-87B0-4406-AB59-89AB0E7FA531}.Release|x86.ActiveCfg = Release|Win32
		{51702B81-87B0-4406-AB59-89AB0E7FA531}.Release|x86.Build.0 = Release|Win32
	EndGlobalSection
	GlobalSection(SolutionProperties) = preSolution
		HideSolutionNode = FALSE
	EndGlobalSection
	GlobalSection(ExtensibilityGlobals) = postSolution
		SolutionGuid = {119A222E-5EA8-4E5F-85C4-A5F105E41DEA}
	EndGlobalSection
EndGlobal
