
Microsoft Visual Studio Solution File, Format Version 12.00
# Visual Studio Version 17
VisualStudioVersion = 17.9.34714.143
MinimumVisualStudioVersion = 10.0.40219.1
Project("{FAE04EC0-301F-11D3-BF4B-00C04F79EFBC}") = "CardScanner", "CardScanner\CardScanner.csproj", "{39F255D5-3FA5-4634-B47B-DCF688F0C816}"
EndProject
Global
	GlobalSection(SolutionConfigurationPlatforms) = preSolution
		Debug|Any CPU = Debug|Any CPU
		Release|Any CPU = Release|Any CPU
	EndGlobalSection
	GlobalSection(ProjectConfigurationPlatforms) = postSolution
		{39F255D5-3FA5-4634-B47B-DCF688F0C816}.Debug|Any CPU.ActiveCfg = Debug|Any CPU
		{39F255D5-3FA5-4634-B47B-DCF688F0C816}.Debug|Any CPU.Build.0 = Debug|Any CPU
		{39F255D5-3FA5-4634-B47B-DCF688F0C816}.Release|Any CPU.ActiveCfg = Release|Any CPU
		{39F255D5-3FA5-4634-B47B-DCF688F0C816}.Release|Any CPU.Build.0 = Release|Any CPU
	EndGlobalSection
	GlobalSection(SolutionProperties) = preSolution
		HideSolutionNode = FALSE
	EndGlobalSection
	GlobalSection(ExtensibilityGlobals) = postSolution
		SolutionGuid = {F3B21800-999A-42B8-93DF-D2C6EE6331F5}
	EndGlobalSection
EndGlobal
